
Microsoft Visual Studio Solution File, Format Version 12.00
# Visual Studio Version 17
VisualStudioVersion = 17.0.31912.275
MinimumVisualStudioVersion = 10.0.40219.1
Project("{FAE04EC0-301F-11D3-BF4B-00C04F79EFBC}") = "MITT-QueueA", "MITT-QueueA\MITT-QueueA.csproj", "{5050EE7E-F012-48DD-9FBE-2C07644ECA2A}"
EndProject
Global
	GlobalSection(SolutionConfigurationPlatforms) = preSolution
		Debug|Any CPU = Debug|Any CPU
		Release|Any CPU = Release|Any CPU
	EndGlobalSection
	GlobalSection(ProjectConfigurationPlatforms) = postSolution
		{5050EE7E-F012-48DD-9FBE-2C07644ECA2A}.Debug|Any CPU.ActiveCfg = Debug|Any CPU
		{5050EE7E-F012-48DD-9FBE-2C07644ECA2A}.Debug|Any CPU.Build.0 = Debug|Any CPU
		{5050EE7E-F012-48DD-9FBE-2C07644ECA2A}.Release|Any CPU.ActiveCfg = Release|Any CPU
		{5050EE7E-F012-48DD-9FBE-2C07644ECA2A}.Release|Any CPU.Build.0 = Release|Any CPU
	EndGlobalSection
	GlobalSection(SolutionProperties) = preSolution
		HideSolutionNode = FALSE
	EndGlobalSection
	GlobalSection(ExtensibilityGlobals) = postSolution
		SolutionGuid = {70E0DAD0-68DB-4242-AFFF-93807EDC764A}
	EndGlobalSection
EndGlobal
